PODS:
  - bonsoir (1.0.1):
    - FlutterMacOS
  - FlutterMacOS (2.5)

DEPENDENCIES:
  - bonsoir (from `Flutter/ephemeral/.symlinks/plugins/bonsoir/macos`)

SPEC REPOS:
  trunk:
    - FlutterMacOS

EXTERNAL SOURCES:
  bonsoir:
    :path: Flutter/ephemeral/.symlinks/plugins/bonsoir/macos

SPEC CHECKSUMS:
  bonsoir: 9369e22a6b60a2b16e717b957e397117ee1ada5d
  FlutterMacOS: 078aecd6294d0b7bce11c6dcddcb3e7818567a04

PODFILE CHECKSUM: d8ba9b3e9e93c62c74a660b46c6fcb09f03991a7

COCOAPODS: 1.10.0
